
Microsoft Visual Studio Solution File, Format Version 12.00
# Visual Studio Version 17
VisualStudioVersion = 17.5.33502.453
MinimumVisualStudioVersion = 10.0.40219.1
Project("{FAE04EC0-301F-11D3-BF4B-00C04F79EFBC}") = "SchoolManagement.mvc", "SchoolManagement.mvc\SchoolManagement.mvc.csproj", "{12F50EF8-5F5F-4D78-8218-EB3D501A0DD7}"
EndProject
Global
	GlobalSection(SolutionConfigurationPlatforms) = preSolution
		Debug|Any CPU = Debug|Any CPU
		Release|Any CPU = Release|Any CPU
	EndGlobalSection
	GlobalSection(ProjectConfigurationPlatforms) = postSolution
		{12F50EF8-5F5F-4D78-8218-EB3D501A0DD7}.Debug|Any CPU.ActiveCfg = Debug|Any CPU
		{12F50EF8-5F5F-4D78-8218-EB3D501A0DD7}.Debug|Any CPU.Build.0 = Debug|Any CPU
		{12F50EF8-5F5F-4D78-8218-EB3D501A0DD7}.Release|Any CPU.ActiveCfg = Release|Any CPU
		{12F50EF8-5F5F-4D78-8218-EB3D501A0DD7}.Release|Any CPU.Build.0 = Release|Any CPU
	EndGlobalSection
	GlobalSection(SolutionProperties) = preSolution
		HideSolutionNode = FALSE
	EndGlobalSection
	GlobalSection(ExtensibilityGlobals) = postSolution
		SolutionGuid = {1043708D-DFBB-466B-8BF6-812DE5B10AD4}
	EndGlobalSection
EndGlobal
